PODS:
  - AEXML (4.6.1)
  - KeyHolder (4.1.0):
    - Magnet (~> 3.3.0)
  - LetsMove (1.25)
  - LoginServiceKit (2.4.0)
  - Magnet (3.3.0):
    - Sauce (~> 2.2.0)
  - Nimble (10.0.0)
  - PINCache (3.0.3):
    - PINCache/Arc-exception-safe (= 3.0.3)
    - PINCache/Core (= 3.0.3)
  - PINCache/Arc-exception-safe (3.0.3):
    - PINCache/Core
  - PINCache/Core (3.0.3):
    - PINOperation (~> 1.2.1)
  - PINOperation (1.2.1)
  - Quick (5.0.1)
  - Realm (10.28.7):
    - Realm/Headers (= 10.28.7)
  - Realm/Headers (10.28.7)
  - RealmSwift (10.28.7):
    - Realm (= 10.28.7)
  - RxCocoa (6.5.0):
    - RxRelay (= 6.5.0)
    - RxSwift (= 6.5.0)
  - RxRelay (6.5.0):
    - RxSwift (= 6.5.0)
  - RxScreeen (2.1.0):
    - RxCocoa (~> 6.0)
    - RxSwift (~> 6.0)
    - Screeen (~> 2.0.1)
  - RxSwift (6.5.0)
  - Sauce (2.2.0)
  - Screeen (2.0.1)
  - Sparkle (2.2.2)
  - SwiftGen (6.6.2)
  - SwiftHEXColors (1.4.1)
  - SwiftLint (0.49.1)

DEPENDENCIES:
  - AEXML
  - KeyHolder
  - LetsMove
  - LoginServiceKit (from `https://github.com/Clipy/LoginServiceKit.git`)
  - Magnet
  - Nimble
  - PINCache
  - Quick
  - RealmSwift
  - RxCocoa
  - RxScreeen
  - RxSwift
  - Sauce
  - Sparkle
  - SwiftGen
  - SwiftHEXColors
  - SwiftLint

SPEC REPOS:
  trunk:
    - AEXML
    - KeyHolder
    - LetsMove
    - Magnet
    - Nimble
    - PINCache
    - PINOperation
    - Quick
    - Realm
    - RealmSwift
    - RxCocoa
    - RxRelay
    - RxScreeen
    - RxSwift
    - Sauce
    - Screeen
    - Sparkle
    - SwiftGen
    - SwiftHEXColors
    - SwiftLint

EXTERNAL SOURCES:
  LoginServiceKit:
    :git: https://github.com/Clipy/LoginServiceKit.git

CHECKOUT OPTIONS:
  LoginServiceKit:
    :commit: a8e68051aca8bbb702e62ab36006a301966ab053
    :git: https://github.com/Clipy/LoginServiceKit.git

SPEC CHECKSUMS:
  AEXML: 1e255ecc6597212f97a7454a69ebd3ede64ac1cf
  KeyHolder: 7fce073043392cddc3e3126f3f9bdaa5ecf1f19e
  LetsMove: 7b9fe44737707d984fbd3f47af46609a9a07b461
  LoginServiceKit: f1fcedb23076c3a0384f0c7c06978bc49459a1be
  Magnet: a44a5a14eecc77433cbaad1431b78f7d20725bf2
  Nimble: 5316ef81a170ce87baf72dd961f22f89a602ff84
  PINCache: 7a8fc1a691173d21dbddbf86cd515de6efa55086
  PINOperation: 00c935935f1e8cf0d1e2d6b542e75b88fc3e5e20
  Quick: 749aa754fd1e7d984f2000fe051e18a3a9809179
  Realm: d1d5ad078b9c1d22f99f7f7f2e692b548b518f24
  RealmSwift: 7c38e0acca7d3df9cc60d79c073ef68245351d0e
  RxCocoa: 94f817b71c07517321eb4f9ad299112ca8af743b
  RxRelay: 1de1523e604c72b6c68feadedd1af3b1b4d0ecbd
  RxScreeen: 18efe5daecca6db6e7e18400c436fb4d252a2f7b
  RxSwift: 5710a9e6b17f3c3d6e40d6e559b9fa1e813b2ef8
  Sauce: 3ade51738563f86b08888cf4b91ae5943012088b
  Screeen: e5c570d3df139b8d5d0e1ffd41094204787d9f1a
  Sparkle: cb8c851f6247a9acbe9e236539404c5be529f74d
  SwiftGen: 1366a7f71aeef49954ca5a63ba4bef6b0f24138c
  SwiftHEXColors: 1cb6e5d55c52749aa33db8f088ac55eb71ca4c7f
  SwiftLint: 32ee33ded0636d0905ef6911b2b67bbaeeedafa5

PODFILE CHECKSUM: f3f16939941afde653ff19f227b13b0e3d865142

COCOAPODS: 1.10.0
